
Microsoft Visual Studio Solution File, Format Version 12.00
# Visual Studio Version 16
VisualStudioVersion = 16.0.31205.134
MinimumVisualStudioVersion = 10.0.40219.1
Project("{9A19103F-16F7-4668-BE54-9A1E7A4F7556}") = "Zend", "Zend\Zend.csproj", "{3FBA5B2B-838F-4B3F-ACE2-DE1FF9EA2542}"
EndProject
Project("{2150E333-8FDC-42A3-9474-1A3956D46DE8}") = "Solution Items", "Solution Items", "{A883DC6A-0ED6-45AB-8064-5EE548EFB3C4}"
	ProjectSection(SolutionItems) = preProject
		README.md = README.md
	EndProjectSection
EndProject
Global
	GlobalSection(SolutionConfigurationPlatforms) = preSolution
		Debug|Any CPU = Debug|Any CPU
		Release|Any CPU = Release|Any CPU
	EndGlobalSection
	GlobalSection(ProjectConfigurationPlatforms) = postSolution
		{3FBA5B2B-838F-4B3F-ACE2-DE1FF9EA2542}.Debug|Any CPU.ActiveCfg = Debug|Any CPU
		{3FBA5B2B-838F-4B3F-ACE2-DE1FF9EA2542}.Debug|Any CPU.Build.0 = Debug|Any CPU
		{3FBA5B2B-838F-4B3F-ACE2-DE1FF9EA2542}.Release|Any CPU.ActiveCfg = Release|Any CPU
		{3FBA5B2B-838F-4B3F-ACE2-DE1FF9EA2542}.Release|Any CPU.Build.0 = Release|Any CPU
	EndGlobalSection
	GlobalSection(SolutionProperties) = preSolution
		HideSolutionNode = FALSE
	EndGlobalSection
	GlobalSection(ExtensibilityGlobals) = postSolution
		SolutionGuid = {8F9AD11A-FEA4-44B2-AB97-256FBFA34279}
	EndGlobalSection
EndGlobal
